
Microsoft Visual Studio Solution File, Format Version 12.00
# Visual Studio Version 17
VisualStudioVersion = 17.0.31903.59
MinimumVisualStudioVersion = 10.0.40219.1
Project("{2150E333-8FDC-42A3-9474-1A3956D46DE8}") = "src", "src", "{827E0CD3-B72D-47B6-A68D-7590B98EB39B}"
EndProject
Project("{FAE04EC0-301F-11D3-BF4B-00C04F79EFBC}") = "CellPort.Core", "src\CellPort.Core\CellPort.Core.csproj", "{76B3AB89-2DE7-4D96-BA52-EEC5F6737FC7}"
EndProject
Project("{FAE04EC0-301F-11D3-BF4B-00C04F79EFBC}") = "CellPort.App", "src\CellPort.App\CellPort.App.csproj", "{18B10673-951D-417B-A408-2EE6BAB5E843}"
EndProject
Project("{FAE04EC0-301F-11D3-BF4B-00C04F79EFBC}") = "DiagTool", "tools\DiagTool\DiagTool.csproj", "{19C561A6-770A-4B5B-97F6-E9F04C9333C6}"
EndProject
Project("{2150E333-8FDC-42A3-9474-1A3956D46DE8}") = "tools", "tools", "{07C2787E-EAC7-C090-1BA3-A61EC2A24D84}"
EndProject
Project("{FAE04EC0-301F-11D3-BF4B-00C04F79EFBC}") = "E2E", "tools\E2E\E2E.csproj", "{992A7F11-50B4-485A-A071-6E78615EA45F}"
EndProject
Project("{FAE04EC0-301F-11D3-BF4B-00C04F79EFBC}") = "EsimProbe", "tools\EsimProbe\EsimProbe.csproj", "{5E9AC5C8-E09E-4455-BD67-8F51A348003C}"
EndProject
Project("{FAE04EC0-301F-11D3-BF4B-00C04F79EFBC}") = "PortProbe", "tools\PortProbe\PortProbe.csproj", "{66F986C8-141A-4016-94C1-AF76863C0600}"
EndProject
Global
	GlobalSection(SolutionConfigurationPlatforms) = preSolution
		Debug|Any CPU = Debug|Any CPU
		Debug|x64 = Debug|x64
		Debug|x86 = Debug|x86
		Release|Any CPU = Release|Any CPU
		Release|x64 = Release|x64
		Release|x86 = Release|x86
	EndGlobalSection
	GlobalSection(ProjectConfigurationPlatforms) = postSolution
		{76B3AB89-2DE7-4D96-BA52-EEC5F6737FC7}.Debug|Any CPU.ActiveCfg = Debug|Any CPU
		{76B3AB89-2DE7-4D96-BA52-EEC5F6737FC7}.Debug|Any CPU.Build.0 = Debug|Any CPU
		{76B3AB89-2DE7-4D96-BA52-EEC5F6737FC7}.Debug|x64.ActiveCfg = Debug|Any CPU
		{76B3AB89-2DE7-4D96-BA52-EEC5F6737FC7}.Debug|x64.Build.0 = Debug|Any CPU
		{76B3AB89-2DE7-4D96-BA52-EEC5F6737FC7}.Debug|x86.ActiveCfg = Debug|Any CPU
		{76B3AB89-2DE7-4D96-BA52-EEC5F6737FC7}.Debug|x86.Build.0 = Debug|Any CPU
		{76B3AB89-2DE7-4D96-BA52-EEC5F6737FC7}.Release|Any CPU.ActiveCfg = Release|Any CPU
		{76B3AB89-2DE7-4D96-BA52-EEC5F6737FC7}.Release|Any CPU.Build.0 = Release|Any CPU
		{76B3AB89-2DE7-4D96-BA52-EEC5F6737FC7}.Release|x64.ActiveCfg = Release|Any CPU
		{76B3AB89-2DE7-4D96-BA52-EEC5F6737FC7}.Release|x64.Build.0 = Release|Any CPU
		{76B3AB89-2DE7-4D96-BA52-EEC5F6737FC7}.Release|x86.ActiveCfg = Release|Any CPU
		{76B3AB89-2DE7-4D96-BA52-EEC5F6737FC7}.Release|x86.Build.0 = Release|Any CPU
		{18B10673-951D-417B-A408-2EE6BAB5E843}.Debug|Any CPU.ActiveCfg = Debug|x64
		{18B10673-951D-417B-A408-2EE6BAB5E843}.Debug|Any CPU.Build.0 = Debug|x64
		{18B10673-951D-417B-A408-2EE6BAB5E843}.Debug|x64.ActiveCfg = Debug|x64
		{18B10673-951D-417B-A408-2EE6BAB5E843}.Debug|x64.Build.0 = Debug|x64
		{18B10673-951D-417B-A408-2EE6BAB5E843}.Debug|x86.ActiveCfg = Debug|x64
		{18B10673-951D-417B-A408-2EE6BAB5E843}.Debug|x86.Build.0 = Debug|x64
		{18B10673-951D-417B-A408-2EE6BAB5E843}.Release|Any CPU.ActiveCfg = Release|x64
		{18B10673-951D-417B-A408-2EE6BAB5E843}.Release|Any CPU.Build.0 = Release|x64
		{18B10673-951D-417B-A408-2EE6BAB5E843}.Release|x64.ActiveCfg = Release|x64
		{18B10673-951D-417B-A408-2EE6BAB5E843}.Release|x64.Build.0 = Release|x64
		{18B10673-951D-417B-A408-2EE6BAB5E843}.Release|x86.ActiveCfg = Release|x64
		{18B10673-951D-417B-A408-2EE6BAB5E843}.Release|x86.Build.0 = Release|x64
		{19C561A6-770A-4B5B-97F6-E9F04C9333C6}.Debug|Any CPU.ActiveCfg = Debug|Any CPU
		{19C561A6-770A-4B5B-97F6-E9F04C9333C6}.Debug|Any CPU.Build.0 = Debug|Any CPU
		{19C561A6-770A-4B5B-97F6-E9F04C9333C6}.Debug|x64.ActiveCfg = Debug|Any CPU
		{19C561A6-770A-4B5B-97F6-E9F04C9333C6}.Debug|x64.Build.0 = Debug|Any CPU
		{19C561A6-770A-4B5B-97F6-E9F04C9333C6}.Debug|x86.ActiveCfg = Debug|Any CPU
		{19C561A6-770A-4B5B-97F6-E9F04C9333C6}.Debug|x86.Build.0 = Debug|Any CPU
		{19C561A6-770A-4B5B-97F6-E9F04C9333C6}.Release|Any CPU.ActiveCfg = Release|Any CPU
		{19C561A6-770A-4B5B-97F6-E9F04C9333C6}.Release|Any CPU.Build.0 = Release|Any CPU
		{19C561A6-770A-4B5B-97F6-E9F04C9333C6}.Release|x64.ActiveCfg = Release|Any CPU
		{19C561A6-770A-4B5B-97F6-E9F04C9333C6}.Release|x64.Build.0 = Release|Any CPU
		{19C561A6-770A-4B5B-97F6-E9F04C9333C6}.Release|x86.ActiveCfg = Release|Any CPU
		{19C561A6-770A-4B5B-97F6-E9F04C9333C6}.Release|x86.Build.0 = Release|Any CPU
		{992A7F11-50B4-485A-A071-6E78615EA45F}.Debug|Any CPU.ActiveCfg = Debug|Any CPU
		{992A7F11-50B4-485A-A071-6E78615EA45F}.Debug|Any CPU.Build.0 = Debug|Any CPU
		{992A7F11-50B4-485A-A071-6E78615EA45F}.Debug|x64.ActiveCfg = Debug|Any CPU
		{992A7F11-50B4-485A-A071-6E78615EA45F}.Debug|x64.Build.0 = Debug|Any CPU
		{992A7F11-50B4-485A-A071-6E78615EA45F}.Debug|x86.ActiveCfg = Debug|Any CPU
		{992A7F11-50B4-485A-A071-6E78615EA45F}.Debug|x86.Build.0 = Debug|Any CPU
		{992A7F11-50B4-485A-A071-6E78615EA45F}.Release|Any CPU.ActiveCfg = Release|Any CPU
		{992A7F11-50B4-485A-A071-6E78615EA45F}.Release|Any CPU.Build.0 = Release|Any CPU
		{992A7F11-50B4-485A-A071-6E78615EA45F}.Release|x64.ActiveCfg = Release|Any CPU
		{992A7F11-50B4-485A-A071-6E78615EA45F}.Release|x64.Build.0 = Release|Any CPU
		{992A7F11-50B4-485A-A071-6E78615EA45F}.Release|x86.ActiveCfg = Release|Any CPU
		{992A7F11-50B4-485A-A071-6E78615EA45F}.Release|x86.Build.0 = Release|Any CPU
		{5E9AC5C8-E09E-4455-BD67-8F51A348003C}.Debug|Any CPU.ActiveCfg = Debug|Any CPU
		{5E9AC5C8-E09E-4455-BD67-8F51A348003C}.Debug|Any CPU.Build.0 = Debug|Any CPU
		{5E9AC5C8-E09E-4455-BD67-8F51A348003C}.Debug|x64.ActiveCfg = Debug|Any CPU
		{5E9AC5C8-E09E-4455-BD67-8F51A348003C}.Debug|x64.Build.0 = Debug|Any CPU
		{5E9AC5C8-E09E-4455-BD67-8F51A348003C}.Debug|x86.ActiveCfg = Debug|Any CPU
		{5E9AC5C8-E09E-4455-BD67-8F51A348003C}.Debug|x86.Build.0 = Debug|Any CPU
		{5E9AC5C8-E09E-4455-BD67-8F51A348003C}.Release|Any CPU.ActiveCfg = Release|Any CPU
		{5E9AC5C8-E09E-4455-BD67-8F51A348003C}.Release|Any CPU.Build.0 = Release|Any CPU
		{5E9AC5C8-E09E-4455-BD67-8F51A348003C}.Release|x64.ActiveCfg = Release|Any CPU
		{5E9AC5C8-E09E-4455-BD67-8F51A348003C}.Release|x64.Build.0 = Release|Any CPU
		{5E9AC5C8-E09E-4455-BD67-8F51A348003C}.Release|x86.ActiveCfg = Release|Any CPU
		{5E9AC5C8-E09E-4455-BD67-8F51A348003C}.Release|x86.Build.0 = Release|Any CPU
		{66F986C8-141A-4016-94C1-AF76863C0600}.Debug|Any CPU.ActiveCfg = Debug|Any CPU
		{66F986C8-141A-4016-94C1-AF76863C0600}.Debug|Any CPU.Build.0 = Debug|Any CPU
		{66F986C8-141A-4016-94C1-AF76863C0600}.Debug|x64.ActiveCfg = Debug|Any CPU
		{66F986C8-141A-4016-94C1-AF76863C0600}.Debug|x64.Build.0 = Debug|Any CPU
		{66F986C8-141A-4016-94C1-AF76863C0600}.Debug|x86.ActiveCfg = Debug|Any CPU
		{66F986C8-141A-4016-94C1-AF76863C0600}.Debug|x86.Build.0 = Debug|Any CPU
		{66F986C8-141A-4016-94C1-AF76863C0600}.Release|Any CPU.ActiveCfg = Release|Any CPU
		{66F986C8-141A-4016-94C1-AF76863C0600}.Release|Any CPU.Build.0 = Release|Any CPU
		{66F986C8-141A-4016-94C1-AF76863C0600}.Release|x64.ActiveCfg = Release|Any CPU
		{66F986C8-141A-4016-94C1-AF76863C0600}.Release|x64.Build.0 = Release|Any CPU
		{66F986C8-141A-4016-94C1-AF76863C0600}.Release|x86.ActiveCfg = Release|Any CPU
		{66F986C8-141A-4016-94C1-AF76863C0600}.Release|x86.Build.0 = Release|Any CPU
	EndGlobalSection
	GlobalSection(SolutionProperties) = preSolution
		HideSolutionNode = FALSE
	EndGlobalSection
	GlobalSection(NestedProjects) = preSolution
		{76B3AB89-2DE7-4D96-BA52-EEC5F6737FC7} = {827E0CD3-B72D-47B6-A68D-7590B98EB39B}
		{18B10673-951D-417B-A408-2EE6BAB5E843} = {827E0CD3-B72D-47B6-A68D-7590B98EB39B}
		{19C561A6-770A-4B5B-97F6-E9F04C9333C6} = {827E0CD3-B72D-47B6-A68D-7590B98EB39B}
		{992A7F11-50B4-485A-A071-6E78615EA45F} = {07C2787E-EAC7-C090-1BA3-A61EC2A24D84}
		{5E9AC5C8-E09E-4455-BD67-8F51A348003C} = {07C2787E-EAC7-C090-1BA3-A61EC2A24D84}
		{66F986C8-141A-4016-94C1-AF76863C0600} = {07C2787E-EAC7-C090-1BA3-A61EC2A24D84}
	EndGlobalSection
EndGlobal
